
Microsoft Visual Studio Solution File, Format Version 12.00
# Visual Studio Version 16
VisualStudioVersion = 16.0.29001.49
MinimumVisualStudioVersion = 10.0.40219.1
Project("{FAE04EC0-301F-11D3-BF4B-00C04F79EFBC}") = "ee", "ee\ee.csproj", "{BF8B69AF-5069-427A-B82E-3EF176B0C805}"
EndProject
Global
	GlobalSection(SolutionConfigurationPlatforms) = preSolution
		Debug|Any CPU = Debug|Any CPU
		Release|Any CPU = Release|Any CPU
	EndGlobalSection
	GlobalSection(ProjectConfigurationPlatforms) = postSolution
		{BF8B69AF-5069-427A-B82E-3EF176B0C805}.Debug|Any CPU.ActiveCfg = Debug|Any CPU
		{BF8B69AF-5069-427A-B82E-3EF176B0C805}.Debug|Any CPU.Build.0 = Debug|Any CPU
		{BF8B69AF-5069-427A-B82E-3EF176B0C805}.Release|Any CPU.ActiveCfg = Release|Any CPU
		{BF8B69AF-5069-427A-B82E-3EF176B0C805}.Release|Any CPU.Build.0 = Release|Any CPU
	EndGlobalSection
	GlobalSection(SolutionProperties) = preSolution
		HideSolutionNode = FALSE
	EndGlobalSection
	GlobalSection(ExtensibilityGlobals) = postSolution
		SolutionGuid = {269868E3-ACFD-4B8D-974A-E07F184ED26A}
	EndGlobalSection
EndGlobal
